[[package]]
category = "main"
description = "Async http client/server framework (asyncio)"
name = "aiohttp"
optional = false
python-versions = ">=3.5.3"
version = "3.6.2"

[package.dependencies]
async-timeout = ">=3.0,<4.0"
attrs = ">=17.3.0"
chardet = ">=2.0,<4.0"
multidict = ">=4.5,<5.0"
yarl = ">=1.0,<2.0"

[package.extras]
speedups = ["aiodns", "brotlipy", "cchardet"]

[[package]]
category = "main"
description = "An abstract syntax tree for Python with inference support."
name = "astroid"
optional = false
python-versions = ">=3.5"
version = "2.4.2"

[package.dependencies]
lazy-object-proxy = ">=1.4.0,<1.5.0"
six = ">=1.12,<2.0"
wrapt = ">=1.11,<2.0"

[[package]]
category = "main"
description = "Timeout context manager for asyncio programs"
name = "async-timeout"
optional = false
python-versions = ">=3.5.3"
version = "3.0.1"

[[package]]
category = "main"
description = "Classes Without Boilerplate"
name = "attrs"
optional = false
python-versions = ">=2.7, !=3.0.*, !=3.1.*, !=3.2.*, !=3.3.*"
version = "20.2.0"

[package.extras]
dev = ["coverage (>=5.0.2)", "hypothesis", "pympler", "pytest (>=4.3.0)", "six", "zope.interface", "sphinx", "sphinx-rtd-theme", "pre-commit"]
docs = ["sphinx", "sphinx-rtd-theme", "zope.interface"]
tests = ["coverage (>=5.0.2)", "hypothesis", "pympler", "pytest (>=4.3.0)", "six", "zope.interface"]
tests_no_zope = ["coverage (>=5.0.2)", "hypothesis", "pympler", "pytest (>=4.3.0)", "six"]

[[package]]
category = "main"
description = "Universal encoding detector for Python 2 and 3"
name = "chardet"
optional = false
python-versions = "*"
version = "3.0.4"

[[package]]
category = "main"
description = "Composable command line interface toolkit"
name = "click"
optional = false
python-versions = ">=2.7, !=3.0.*, !=3.1.*, !=3.2.*, !=3.3.*, !=3.4.*"
version = "7.1.2"

[[package]]
category = "main"
description = "Cross-platform colored terminal text."
name = "colorama"
optional = false
python-versions = ">=2.7, !=3.0.*, !=3.1.*, !=3.2.*, !=3.3.*, !=3.4.*"
version = "0.4.3"

[[package]]
category = "main"
description = "This package provides a DateTime data type, as known from Zope. Unless you need to communicate with Zope APIs, you're probably better off using Python's built-in datetime module."
name = "datetime"
optional = false
python-versions = "*"
version = "4.3"

[package.dependencies]
pytz = "*"
"zope.interface" = "*"

[[package]]
category = "main"
description = "A Python wrapper for the Discord API"
name = "discord.py"
optional = false
python-versions = ">=3.5.3"
version = "1.6.0"

[package.dependencies]
aiohttp = ">=3.6.0,<3.8.0"

[package.extras]
docs = ["sphinx (3.0.3)", "sphinxcontrib-trio (1.1.2)", "sphinxcontrib-websupport"]
voice = ["PyNaCl (>=1.3.0,<1.5)"]

[[package]]
category = "main"
description = "A simple framework for building complex web applications."
name = "flask"
optional = false
python-versions = ">=2.7, !=3.0.*, !=3.1.*, !=3.2.*, !=3.3.*, !=3.4.*"
version = "1.1.2"

[package.dependencies]
Jinja2 = ">=2.10.1"
Werkzeug = ">=0.15"
click = ">=5.1"
itsdangerous = ">=0.24"

[package.extras]
dev = ["pytest", "coverage", "tox", "sphinx", "pallets-sphinx-themes", "sphinxcontrib-log-cabinet", "sphinx-issues"]
docs = ["sphinx", "pallets-sphinx-themes", "sphinxcontrib-log-cabinet", "sphinx-issues"]
dotenv = ["python-dotenv"]

[[package]]
category = "main"
description = "Internationalized Domain Names in Applications (IDNA)"
name = "idna"
optional = false
python-versions = ">=2.7, !=3.0.*, !=3.1.*, !=3.2.*, !=3.3.*"
version = "2.10"

[[package]]
category = "main"
description = "A Python utility / library to sort Python imports."
name = "isort"
optional = false
python-versions = ">=3.6,<4.0"
version = "5.5.1"

[package.extras]
colors = ["colorama (>=0.4.3,<0.5.0)"]
pipfile_deprecated_finder = ["pipreqs", "requirementslib"]
requirements_deprecated_finder = ["pipreqs", "pip-api"]

[[package]]
category = "main"
description = "Various helpers to pass data to untrusted environments and back."
name = "itsdangerous"
optional = false
python-versions = ">=2.7, !=3.0.*, !=3.1.*, !=3.2.*, !=3.3.*"
version = "1.1.0"

[[package]]
category = "main"
description = "A very fast and expressive template engine."
name = "jinja2"
optional = false
python-versions = ">=2.7, !=3.0.*, !=3.1.*, !=3.2.*, !=3.3.*, !=3.4.*"
version = "2.11.3"

[package.dependencies]
MarkupSafe = ">=0.23"

[package.extras]
i18n = ["Babel (>=0.8)"]

[[package]]
category = "main"
description = "A fast and thorough lazy object proxy."
name = "lazy-object-proxy"
optional = false
python-versions = ">=2.7, !=3.0.*, !=3.1.*, !=3.2.*, !=3.3.*"
version = "1.4.3"

[[package]]
category = "main"
description = "Safely add untrusted strings to HTML/XML markup."
name = "markupsafe"
optional = false
python-versions = ">=2.7,!=3.0.*,!=3.1.*,!=3.2.*,!=3.3.*"
version = "1.1.1"

[[package]]
category = "main"
description = "McCabe checker, plugin for flake8"
name = "mccabe"
optional = false
python-versions = "*"
version = "0.6.1"

[[package]]
category = "main"
description = "A fast converter between Japanese hankaku and zenkaku characters"
name = "mojimoji"
optional = false
python-versions = "*"
version = "0.0.11"

[[package]]
category = "main"
description = "multidict implementation"
name = "multidict"
optional = false
python-versions = ">=3.5"
version = "4.7.6"

[[package]]
category = "main"
description = "python code static checker"
name = "pylint"
optional = false
python-versions = ">=3.5.*"
version = "2.6.0"

[package.dependencies]
astroid = ">=2.4.0,<=2.5"
colorama = "*"
isort = ">=4.2.5,<6"
mccabe = ">=0.6,<0.7"
toml = ">=0.7.1"

[[package]]
category = "main"
description = "Extensions to the standard Python datetime module"
name = "python-dateutil"
optional = false
python-versions = "!=3.0.*,!=3.1.*,!=3.2.*,>=2.7"
version = "2.8.1"

[package.dependencies]
six = ">=1.5"

[[package]]
category = "main"
description = "Add .env support to your django/flask apps in development and deployments"
name = "python-dotenv"
optional = false
python-versions = "*"
version = "0.14.0"

[package.extras]
cli = ["click (>=5.0)"]

[[package]]
category = "main"
description = "World timezone definitions, modern and historical"
name = "pytz"
optional = false
python-versions = "*"
version = "2020.1"

[[package]]
category = "main"
description = "Python 2 and 3 compatibility utilities"
name = "six"
optional = false
python-versions = ">=2.7, !=3.0.*, !=3.1.*, !=3.2.*"
version = "1.15.0"

[[package]]
category = "main"
description = "Python Library for Tom's Obvious, Minimal Language"
name = "toml"
optional = false
python-versions = "*"
version = "0.10.1"

[[package]]
category = "main"
description = "a fork of Python 2 and 3 ast modules with type comment support"
name = "typed-ast"
optional = false
python-versions = "*"
version = "1.4.1"

[[package]]
category = "main"
description = "Backported and Experimental Type Hints for Python 3.5+"
name = "typing-extensions"
optional = false
python-versions = "*"
version = "3.7.4.3"

[[package]]
category = "main"
description = "An implementation of the WebSocket Protocol (RFC 6455 & 7692)"
name = "websockets"
optional = false
python-versions = ">=3.4"
version = "6.0"

[[package]]
category = "main"
description = "The comprehensive WSGI web application library."
name = "werkzeug"
optional = false
python-versions = ">=2.7, !=3.0.*, !=3.1.*, !=3.2.*, !=3.3.*, !=3.4.*"
version = "1.0.1"

[package.extras]
dev = ["pytest", "pytest-timeout", "coverage", "tox", "sphinx", "pallets-sphinx-themes", "sphinx-issues"]
watchdog = ["watchdog"]

[[package]]
category = "main"
description = "Module for decorators, wrappers and monkey patching."
name = "wrapt"
optional = false
python-versions = "*"
version = "1.12.1"

[[package]]
category = "main"
description = "Yet another URL library"
name = "yarl"
optional = false
python-versions = ">=3.5"
version = "1.5.1"

[package.dependencies]
idna = ">=2.0"
multidict = ">=4.0"

[[package]]
category = "main"
description = "Interfaces for Python"
name = "zope.interface"
optional = false
python-versions = ">=2.7, !=3.0.*, !=3.1.*, !=3.2.*, !=3.3.*, !=3.4.*"
version = "5.2.0"

[package.dependencies]
setuptools = "*"

[package.extras]
docs = ["sphinx", "repoze.sphinx.autointerface"]
test = ["coverage (>=5.0.3)", "zope.event", "zope.testing"]
testing = ["coverage (>=5.0.3)", "zope.event", "zope.testing"]

[metadata]
content-hash = "f1c2acea3c28fc7d2cbe09f405225a66edf114e4be5db55ca0218575b5a69484"
python-versions = "^3.8"

[metadata.files]
aiohttp = [
    {file = "aiohttp-3.6.2-cp35-cp35m-macosx_10_13_x86_64.whl", hash = "sha256:1e984191d1ec186881ffaed4581092ba04f7c61582a177b187d3a2f07ed9719e"},
    {file = "aiohttp-3.6.2-cp35-cp35m-manylinux1_x86_64.whl", hash = "sha256:50aaad128e6ac62e7bf7bd1f0c0a24bc968a0c0590a726d5a955af193544bcec"},
    {file = "aiohttp-3.6.2-cp36-cp36m-macosx_10_13_x86_64.whl", hash = "sha256:65f31b622af739a802ca6fd1a3076fd0ae523f8485c52924a89561ba10c49b48"},
    {file = "aiohttp-3.6.2-cp36-cp36m-manylinux1_x86_64.whl", hash = "sha256:ae55bac364c405caa23a4f2d6cfecc6a0daada500274ffca4a9230e7129eac59"},
    {file = "aiohttp-3.6.2-cp36-cp36m-win32.whl", hash = "sha256:344c780466b73095a72c616fac5ea9c4665add7fc129f285fbdbca3cccf4612a"},
    {file = "aiohttp-3.6.2-cp36-cp36m-win_amd64.whl", hash = "sha256:4c6efd824d44ae697814a2a85604d8e992b875462c6655da161ff18fd4f29f17"},
    {file = "aiohttp-3.6.2-cp37-cp37m-macosx_10_13_x86_64.whl", hash = "sha256:2f4d1a4fdce595c947162333353d4a44952a724fba9ca3205a3df99a33d1307a"},
    {file = "aiohttp-3.6.2-cp37-cp37m-manylinux1_x86_64.whl", hash = "sha256:6206a135d072f88da3e71cc501c59d5abffa9d0bb43269a6dcd28d66bfafdbdd"},
    {file = "aiohttp-3.6.2-cp37-cp37m-win32.whl", hash = "sha256:b778ce0c909a2653741cb4b1ac7015b5c130ab9c897611df43ae6a58523cb965"},
    {file = "aiohttp-3.6.2-cp37-cp37m-win_amd64.whl", hash = "sha256:32e5f3b7e511aa850829fbe5aa32eb455e5534eaa4b1ce93231d00e2f76e5654"},
    {file = "aiohttp-3.6.2-py3-none-any.whl", hash = "sha256:460bd4237d2dbecc3b5ed57e122992f60188afe46e7319116da5eb8a9dfedba4"},
    {file = "aiohttp-3.6.2.tar.gz", hash = "sha256:259ab809ff0727d0e834ac5e8a283dc5e3e0ecc30c4d80b3cd17a4139ce1f326"},
]
astroid = [
    {file = "astroid-2.4.2-py3-none-any.whl", hash = "sha256:bc58d83eb610252fd8de6363e39d4f1d0619c894b0ed24603b881c02e64c7386"},
    {file = "astroid-2.4.2.tar.gz", hash = "sha256:2f4078c2a41bf377eea06d71c9d2ba4eb8f6b1af2135bec27bbbb7d8f12bb703"},
]
async-timeout = [
    {file = "async-timeout-3.0.1.tar.gz", hash = "sha256:0c3c816a028d47f659d6ff5c745cb2acf1f966da1fe5c19c77a70282b25f4c5f"},
    {file = "async_timeout-3.0.1-py3-none-any.whl", hash = "sha256:4291ca197d287d274d0b6cb5d6f8f8f82d434ed288f962539ff18cc9012f9ea3"},
]
attrs = [
    {file = "attrs-20.2.0-py2.py3-none-any.whl", hash = "sha256:fce7fc47dfc976152e82d53ff92fa0407700c21acd20886a13777a0d20e655dc"},
    {file = "attrs-20.2.0.tar.gz", hash = "sha256:26b54ddbbb9ee1d34d5d3668dd37d6cf74990ab23c828c2888dccdceee395594"},
]
chardet = [
    {file = "chardet-3.0.4-py2.py3-none-any.whl", hash = "sha256:fc323ffcaeaed0e0a02bf4d117757b98aed530d9ed4531e3e15460124c106691"},
    {file = "chardet-3.0.4.tar.gz", hash = "sha256:84ab92ed1c4d4f16916e05906b6b75a6c0fb5db821cc65e70cbd64a3e2a5eaae"},
]
click = [
    {file = "click-7.1.2-py2.py3-none-any.whl", hash = "sha256:dacca89f4bfadd5de3d7489b7c8a566eee0d3676333fbb50030263894c38c0dc"},
    {file = "click-7.1.2.tar.gz", hash = "sha256:d2b5255c7c6349bc1bd1e59e08cd12acbbd63ce649f2588755783aa94dfb6b1a"},
]
colorama = [
    {file = "colorama-0.4.3-py2.py3-none-any.whl", hash = "sha256:7d73d2a99753107a36ac6b455ee49046802e59d9d076ef8e47b61499fa29afff"},
    {file = "colorama-0.4.3.tar.gz", hash = "sha256:e96da0d330793e2cb9485e9ddfd918d456036c7149416295932478192f4436a1"},
]
datetime = [
    {file = "DateTime-4.3-py2.py3-none-any.whl", hash = "sha256:371dba07417b929a4fa685c2f7a3eaa6a62d60c02947831f97d4df9a9e70dfd0"},
    {file = "DateTime-4.3.tar.gz", hash = "sha256:5cef605bab8259ff61281762cdf3290e459fbf0b4719951d5fab967d5f2ea0ea"},
]
"discord.py" = [
    {file = "discord.py-1.6.0-py3-none-any.whl", hash = "sha256:3df148daf6fbcc7ab5b11042368a3cd5f7b730b62f09fb5d3cbceff59bcfbb12"},
    {file = "discord.py-1.6.0.tar.gz", hash = "sha256:ba8be99ff1b8c616f7b6dcb700460d0222b29d4c11048e74366954c465fdd05f"},
]
flask = [
    {file = "Flask-1.1.2-py2.py3-none-any.whl", hash = "sha256:8a4fdd8936eba2512e9c85df320a37e694c93945b33ef33c89946a340a238557"},
    {file = "Flask-1.1.2.tar.gz", hash = "sha256:4efa1ae2d7c9865af48986de8aeb8504bf32c7f3d6fdc9353d34b21f4b127060"},
]
idna = [
    {file = "idna-2.10-py2.py3-none-any.whl", hash = "sha256:b97d804b1e9b523befed77c48dacec60e6dcb0b5391d57af6a65a312a90648c0"},
    {file = "idna-2.10.tar.gz", hash = "sha256:b307872f855b18632ce0c21c5e45be78c0ea7ae4c15c828c20788b26921eb3f6"},
]
isort = [
    {file = "isort-5.5.1-py3-none-any.whl", hash = "sha256:a200d47b7ee8b7f7d0a9646650160c4a51b6a91a9413fd31b1da2c4de789f5d3"},
    {file = "isort-5.5.1.tar.gz", hash = "sha256:92533892058de0306e51c88f22ece002a209dc8e80288aa3cec6d443060d584f"},
]
itsdangerous = [
    {file = "itsdangerous-1.1.0-py2.py3-none-any.whl", hash = "sha256:b12271b2047cb23eeb98c8b5622e2e5c5e9abd9784a153e9d8ef9cb4dd09d749"},
    {file = "itsdangerous-1.1.0.tar.gz", hash = "sha256:321b033d07f2a4136d3ec762eac9f16a10ccd60f53c0c91af90217ace7ba1f19"},
]
jinja2 = [
    {file = "Jinja2-2.11.3-py2.py3-none-any.whl", hash = "sha256:03e47ad063331dd6a3f04a43eddca8a966a26ba0c5b7207a9a9e4e08f1b29419"},
    {file = "Jinja2-2.11.3.tar.gz", hash = "sha256:a6d58433de0ae800347cab1fa3043cebbabe8baa9d29e668f1c768cb87a333c6"},
]
lazy-object-proxy = [
    {file = "lazy-object-proxy-1.4.3.tar.gz", hash = "sha256:f3900e8a5de27447acbf900b4750b0ddfd7ec1ea7fbaf11dfa911141bc522af0"},
    {file = "lazy_object_proxy-1.4.3-cp27-cp27m-macosx_10_13_x86_64.whl", hash = "sha256:a2238e9d1bb71a56cd710611a1614d1194dc10a175c1e08d75e1a7bcc250d442"},
    {file = "lazy_object_proxy-1.4.3-cp27-cp27m-win32.whl", hash = "sha256:efa1909120ce98bbb3777e8b6f92237f5d5c8ea6758efea36a473e1d38f7d3e4"},
    {file = "lazy_object_proxy-1.4.3-cp27-cp27m-win_amd64.whl", hash = "sha256:4677f594e474c91da97f489fea5b7daa17b5517190899cf213697e48d3902f5a"},
    {file = "lazy_object_proxy-1.4.3-cp27-cp27mu-manylinux1_x86_64.whl", hash = "sha256:0c4b206227a8097f05c4dbdd323c50edf81f15db3b8dc064d08c62d37e1a504d"},
    {file = "lazy_object_proxy-1.4.3-cp34-cp34m-manylinux1_x86_64.whl", hash = "sha256:d945239a5639b3ff35b70a88c5f2f491913eb94871780ebfabb2568bd58afc5a"},
    {file = "lazy_object_proxy-1.4.3-cp34-cp34m-win32.whl", hash = "sha256:9651375199045a358eb6741df3e02a651e0330be090b3bc79f6d0de31a80ec3e"},
    {file = "lazy_object_proxy-1.4.3-cp34-cp34m-win_amd64.whl", hash = "sha256:eba7011090323c1dadf18b3b689845fd96a61ba0a1dfbd7f24b921398affc357"},
    {file = "lazy_object_proxy-1.4.3-cp35-cp35m-manylinux1_x86_64.whl", hash = "sha256:48dab84ebd4831077b150572aec802f303117c8cc5c871e182447281ebf3ac50"},
    {file = "lazy_object_proxy-1.4.3-cp35-cp35m-win32.whl", hash = "sha256:ca0a928a3ddbc5725be2dd1cf895ec0a254798915fb3a36af0964a0a4149e3db"},
    {file = "lazy_object_proxy-1.4.3-cp35-cp35m-win_amd64.whl", hash = "sha256:194d092e6f246b906e8f70884e620e459fc54db3259e60cf69a4d66c3fda3449"},
    {file = "lazy_object_proxy-1.4.3-cp36-cp36m-manylinux1_x86_64.whl", hash = "sha256:97bb5884f6f1cdce0099f86b907aa41c970c3c672ac8b9c8352789e103cf3156"},
    {file = "lazy_object_proxy-1.4.3-cp36-cp36m-win32.whl", hash = "sha256:cb2c7c57005a6804ab66f106ceb8482da55f5314b7fcb06551db1edae4ad1531"},
    {file = "lazy_object_proxy-1.4.3-cp36-cp36m-win_amd64.whl", hash = "sha256:8d859b89baf8ef7f8bc6b00aa20316483d67f0b1cbf422f5b4dc56701c8f2ffb"},
    {file = "lazy_object_proxy-1.4.3-cp37-cp37m-macosx_10_13_x86_64.whl", hash = "sha256:1be7e4c9f96948003609aa6c974ae59830a6baecc5376c25c92d7d697e684c08"},
    {file = "lazy_object_proxy-1.4.3-cp37-cp37m-manylinux1_x86_64.whl", hash = "sha256:d74bb8693bf9cf75ac3b47a54d716bbb1a92648d5f781fc799347cfc95952383"},
    {file = "lazy_object_proxy-1.4.3-cp37-cp37m-win32.whl", hash = "sha256:9b15f3f4c0f35727d3a0fba4b770b3c4ebbb1fa907dbcc046a1d2799f3edd142"},
    {file = "lazy_object_proxy-1.4.3-cp37-cp37m-win_amd64.whl", hash = "sha256:9254f4358b9b541e3441b007a0ea0764b9d056afdeafc1a5569eee1cc6c1b9ea"},
    {file = "lazy_object_proxy-1.4.3-cp38-cp38-manylinux1_x86_64.whl", hash = "sha256:a6ae12d08c0bf9909ce12385803a543bfe99b95fe01e752536a60af2b7797c62"},
    {file = "lazy_object_proxy-1.4.3-cp38-cp38-win32.whl", hash = "sha256:5541cada25cd173702dbd99f8e22434105456314462326f06dba3e180f203dfd"},
    {file = "lazy_object_proxy-1.4.3-cp38-cp38-win_amd64.whl", hash = "sha256:59f79fef100b09564bc2df42ea2d8d21a64fdcda64979c0fa3db7bdaabaf6239"},
]
markupsafe = [
    {file = "MarkupSafe-1.1.1-cp27-cp27m-macosx_10_6_intel.whl", hash = "sha256:09027a7803a62ca78792ad89403b1b7a73a01c8cb65909cd876f7fcebd79b161"},
    {file = "MarkupSafe-1.1.1-cp27-cp27m-manylinux1_i686.whl", hash = "sha256:e249096428b3ae81b08327a63a485ad0878de3fb939049038579ac0ef61e17e7"},
    {file = "MarkupSafe-1.1.1-cp27-cp27m-manylinux1_x86_64.whl", hash = "sha256:500d4957e52ddc3351cabf489e79c91c17f6e0899158447047588650b5e69183"},
    {file = "MarkupSafe-1.1.1-cp27-cp27m-win32.whl", hash = "sha256:b2051432115498d3562c084a49bba65d97cf251f5a331c64a12ee7e04dacc51b"},
    {file = "MarkupSafe-1.1.1-cp27-cp27m-win_amd64.whl", hash = "sha256:98c7086708b163d425c67c7a91bad6e466bb99d797aa64f965e9d25c12111a5e"},
    {file = "MarkupSafe-1.1.1-cp27-cp27mu-manylinux1_i686.whl", hash = "sha256:cd5df75523866410809ca100dc9681e301e3c27567cf498077e8551b6d20e42f"},
    {file = "MarkupSafe-1.1.1-cp27-cp27mu-manylinux1_x86_64.whl", hash = "sha256:43a55c2930bbc139570ac2452adf3d70cdbb3cfe5912c71cdce1c2c6bbd9c5d1"},
    {file = "MarkupSafe-1.1.1-cp34-cp34m-macosx_10_6_intel.whl", hash = "sha256:1027c282dad077d0bae18be6794e6b6b8c91d58ed8a8d89a89d59693b9131db5"},
    {file = "MarkupSafe-1.1.1-cp34-cp34m-manylinux1_i686.whl", hash = "sha256:62fe6c95e3ec8a7fad637b7f3d372c15ec1caa01ab47926cfdf7a75b40e0eac1"},
    {file = "MarkupSafe-1.1.1-cp34-cp34m-manylinux1_x86_64.whl", hash = "sha256:88e5fcfb52ee7b911e8bb6d6aa2fd21fbecc674eadd44118a9cc3863f938e735"},
    {file = "MarkupSafe-1.1.1-cp34-cp34m-win32.whl", hash = "sha256:ade5e387d2ad0d7ebf59146cc00c8044acbd863725f887353a10df825fc8ae21"},
    {file = "MarkupSafe-1.1.1-cp34-cp34m-win_amd64.whl", hash = "sha256:09c4b7f37d6c648cb13f9230d847adf22f8171b1ccc4d5682398e77f40309235"},
    {file = "MarkupSafe-1.1.1-cp35-cp35m-macosx_10_6_intel.whl", hash = "sha256:79855e1c5b8da654cf486b830bd42c06e8780cea587384cf6545b7d9ac013a0b"},
    {file = "MarkupSafe-1.1.1-cp35-cp35m-manylinux1_i686.whl", hash = "sha256:c8716a48d94b06bb3b2524c2b77e055fb313aeb4ea620c8dd03a105574ba704f"},
    {file = "MarkupSafe-1.1.1-cp35-cp35m-manylinux1_x86_64.whl", hash = "sha256:7c1699dfe0cf8ff607dbdcc1e9b9af1755371f92a68f706051cc8c37d447c905"},
    {file = "MarkupSafe-1.1.1-cp35-cp35m-win32.whl", hash = "sha256:6dd73240d2af64df90aa7c4e7481e23825ea70af4b4922f8ede5b9e35f78a3b1"},
    {file = "MarkupSafe-1.1.1-cp35-cp35m-win_amd64.whl", hash = "sha256:9add70b36c5666a2ed02b43b335fe19002ee5235efd4b8a89bfcf9005bebac0d"},
    {file = "MarkupSafe-1.1.1-cp36-cp36m-macosx_10_6_intel.whl", hash = "sha256:24982cc2533820871eba85ba648cd53d8623687ff11cbb805be4ff7b4c971aff"},
    {file = "MarkupSafe-1.1.1-cp36-cp36m-macosx_10_9_x86_64.whl", hash = "sha256:d53bc011414228441014aa71dbec320c66468c1030aae3a6e29778a3382d96e5"},
    {file = "MarkupSafe-1.1.1-cp36-cp36m-manylinux1_i686.whl", hash = "sha256:00bc623926325b26bb9605ae9eae8a215691f33cae5df11ca5424f06f2d1f473"},
    {file = "MarkupSafe-1.1.1-cp36-cp36m-manylinux1_x86_64.whl", hash = "sha256:717ba8fe3ae9cc0006d7c451f0bb265ee07739daf76355d06366154ee68d221e"},
    {file = "MarkupSafe-1.1.1-cp36-cp36m-manylinux2010_i686.whl", hash = "sha256:3b8a6499709d29c2e2399569d96719a1b21dcd94410a586a18526b143ec8470f"},
    {file = "MarkupSafe-1.1.1-cp36-cp36m-manylinux2010_x86_64.whl", hash = "sha256:84dee80c15f1b560d55bcfe6d47b27d070b4681c699c572af2e3c7cc90a3b8e0"},
    {file = "MarkupSafe-1.1.1-cp36-cp36m-manylinux2014_aarch64.whl", hash = "sha256:b1dba4527182c95a0db8b6060cc98ac49b9e2f5e64320e2b56e47cb2831978c7"},
    {file = "MarkupSafe-1.1.1-cp36-cp36m-win32.whl", hash = "sha256:535f6fc4d397c1563d08b88e485c3496cf5784e927af890fb3c3aac7f933ec66"},
    {file = "MarkupSafe-1.1.1-cp36-cp36m-win_amd64.whl", hash = "sha256:b1282f8c00509d99fef04d8ba936b156d419be841854fe901d8ae224c59f0be5"},
    {file = "MarkupSafe-1.1.1-cp37-cp37m-macosx_10_6_intel.whl", hash = "sha256:8defac2f2ccd6805ebf65f5eeb132adcf2ab57aa11fdf4c0dd5169a004710e7d"},
    {file = "MarkupSafe-1.1.1-cp37-cp37m-macosx_10_9_x86_64.whl", hash = "sha256:bf5aa3cbcfdf57fa2ee9cd1822c862ef23037f5c832ad09cfea57fa846dec193"},
    {file = "MarkupSafe-1.1.1-cp37-cp37m-manylinux1_i686.whl", hash = "sha256:46c99d2de99945ec5cb54f23c8cd5689f6d7177305ebff350a58ce5f8de1669e"},
    {file = "MarkupSafe-1.1.1-cp37-cp37m-manylinux1_x86_64.whl", hash = "sha256:ba59edeaa2fc6114428f1637ffff42da1e311e29382d81b339c1817d37ec93c6"},
    {file = "MarkupSafe-1.1.1-cp37-cp37m-manylinux2010_i686.whl", hash = "sha256:6fffc775d90dcc9aed1b89219549b329a9250d918fd0b8fa8d93d154918422e1"},
    {file = "MarkupSafe-1.1.1-cp37-cp37m-manylinux2010_x86_64.whl", hash = "sha256:a6a744282b7718a2a62d2ed9d993cad6f5f585605ad352c11de459f4108df0a1"},
    {file = "MarkupSafe-1.1.1-cp37-cp37m-manylinux2014_aarch64.whl", hash = "sha256:195d7d2c4fbb0ee8139a6cf67194f3973a6b3042d742ebe0a9ed36d8b6f0c07f"},
    {file = "MarkupSafe-1.1.1-cp37-cp37m-win32.whl", hash = "sha256:b00c1de48212e4cc9603895652c5c410df699856a2853135b3967591e4beebc2"},
    {file = "MarkupSafe-1.1.1-cp37-cp37m-win_amd64.whl", hash = "sha256:9bf40443012702a1d2070043cb6291650a0841ece432556f784f004937f0f32c"},
    {file = "MarkupSafe-1.1.1-cp38-cp38-macosx_10_9_x86_64.whl", hash = "sha256:6788b695d50a51edb699cb55e35487e430fa21f1ed838122d722e0ff0ac5ba15"},
    {file = "MarkupSafe-1.1.1-cp38-cp38-manylinux1_i686.whl", hash = "sha256:cdb132fc825c38e1aeec2c8aa9338310d29d337bebbd7baa06889d09a60a1fa2"},
    {file = "MarkupSafe-1.1.1-cp38-cp38-manylinux1_x86_64.whl", hash = "sha256:13d3144e1e340870b25e7b10b98d779608c02016d5184cfb9927a9f10c689f42"},
    {file = "MarkupSafe-1.1.1-cp38-cp38-manylinux2010_i686.whl", hash = "sha256:acf08ac40292838b3cbbb06cfe9b2cb9ec78fce8baca31ddb87aaac2e2dc3bc2"},
    {file = "MarkupSafe-1.1.1-cp38-cp38-manylinux2010_x86_64.whl", hash = "sha256:d9be0ba6c527163cbed5e0857c451fcd092ce83947944d6c14bc95441203f032"},
    {file = "MarkupSafe-1.1.1-cp38-cp38-manylinux2014_aarch64.whl", hash = "sha256:caabedc8323f1e93231b52fc32bdcde6db817623d33e100708d9a68e1f53b26b"},
    {file = "MarkupSafe-1.1.1-cp38-cp38-win32.whl", hash = "sha256:596510de112c685489095da617b5bcbbac7dd6384aeebeda4df6025d0256a81b"},
    {file = "MarkupSafe-1.1.1-cp38-cp38-win_amd64.whl", hash = "sha256:e8313f01ba26fbbe36c7be1966a7b7424942f670f38e666995b88d012765b9be"},
    {file = "MarkupSafe-1.1.1-cp39-cp39-macosx_10_9_x86_64.whl", hash = "sha256:d73a845f227b0bfe8a7455ee623525ee656a9e2e749e4742706d80a6065d5e2c"},
    {file = "MarkupSafe-1.1.1-cp39-cp39-manylinux1_i686.whl", hash = "sha256:98bae9582248d6cf62321dcb52aaf5d9adf0bad3b40582925ef7c7f0ed85fceb"},
    {file = "MarkupSafe-1.1.1-cp39-cp39-manylinux1_x86_64.whl", hash = "sha256:2beec1e0de6924ea551859edb9e7679da6e4870d32cb766240ce17e0a0ba2014"},
    {file = "MarkupSafe-1.1.1-cp39-cp39-manylinux2010_i686.whl", hash = "sha256:7fed13866cf14bba33e7176717346713881f56d9d2bcebab207f7a036f41b850"},
    {file = "MarkupSafe-1.1.1-cp39-cp39-manylinux2010_x86_64.whl", hash = "sha256:6f1e273a344928347c1290119b493a1f0303c52f5a5eae5f16d74f48c15d4a85"},
    {file = "MarkupSafe-1.1.1-cp39-cp39-manylinux2014_aarch64.whl", hash = "sha256:feb7b34d6325451ef96bc0e36e1a6c0c1c64bc1fbec4b854f4529e51887b1621"},
    {file = "MarkupSafe-1.1.1-cp39-cp39-win32.whl", hash = "sha256:22c178a091fc6630d0d045bdb5992d2dfe14e3259760e713c490da5323866c39"},
    {file = "MarkupSafe-1.1.1-cp39-cp39-win_amd64.whl", hash = "sha256:b7d644ddb4dbd407d31ffb699f1d140bc35478da613b441c582aeb7c43838dd8"},
    {file = "MarkupSafe-1.1.1.tar.gz", hash = "sha256:29872e92839765e546828bb7754a68c418d927cd064fd4708fab9fe9c8bb116b"},
]
mccabe = [
    {file = "mccabe-0.6.1-py2.py3-none-any.whl", hash = "sha256:ab8a6258860da4b6677da4bd2fe5dc2c659cff31b3ee4f7f5d64e79735b80d42"},
    {file = "mccabe-0.6.1.tar.gz", hash = "sha256:dd8d182285a0fe56bace7f45b5e7d1a6ebcbf524e8f3bd87eb0f125271b8831f"},
]
mojimoji = [
    {file = "mojimoji-0.0.11-cp35-cp35m-macosx_10_14_x86_64.whl", hash = "sha256:b86ee36240e77a414f796630cf3c80acef4e9528277769d1851d00b94af1cc98"},
    {file = "mojimoji-0.0.11-cp35-cp35m-manylinux1_x86_64.whl", hash = "sha256:3d3756f60754ee95847f419f48246a68271d9024c5296d298054229403804002"},
    {file = "mojimoji-0.0.11-cp35-cp35m-win_amd64.whl", hash = "sha256:e257176fe55332ac5dc69735270840b36738a82f1dda3383758a6f36b5918fb6"},
    {file = "mojimoji-0.0.11-cp36-cp36m-macosx_10_14_x86_64.whl", hash = "sha256:ece991b6529dddb91ae5035dcf3b62b486af675d4ec94fc3ecf7872b66f3df88"},
    {file = "mojimoji-0.0.11-cp36-cp36m-manylinux1_x86_64.whl", hash = "sha256:b7a1fe5726ad7036b096d44e7d014ceac174aec718199e19c6c6d1c2a757f6b9"},
    {file = "mojimoji-0.0.11-cp36-cp36m-win_amd64.whl", hash = "sha256:ae2fcb9fa35f5890ba888780c9d445074717ef988c3171a058f002cd0f3933f4"},
    {file = "mojimoji-0.0.11-cp37-cp37m-macosx_10_14_x86_64.whl", hash = "sha256:e551bb3be777643e2e1f7bc40db4d57baedaa6dac6c7875d9a926ffe66b67fb1"},
    {file = "mojimoji-0.0.11-cp37-cp37m-manylinux1_x86_64.whl", hash = "sha256:642c5e8642fa53c9556cd4c880e09438786dd955c32c7ce5fa2693e16914cdb6"},
    {file = "mojimoji-0.0.11-cp37-cp37m-win_amd64.whl", hash = "sha256:029c5d2646c8ab36bef61abe26ed6bc698f7ffb6a744d82fafd86e233d6669a2"},
    {file = "mojimoji-0.0.11-cp38-cp38-macosx_10_14_x86_64.whl", hash = "sha256:2fb18323ffae39391d77c77b27ed675cbf6e49e10f884ceaf8399be7ca7e0dc5"},
    {file = "mojimoji-0.0.11-cp38-cp38-manylinux1_x86_64.whl", hash = "sha256:ea9c3d0c37ae7a8e494cb9681dae404de4599d4218e5b5d13c009ab1856d6409"},
    {file = "mojimoji-0.0.11-cp38-cp38-win_amd64.whl", hash = "sha256:304681e2d99db69c552e1e36992cb41b967b46abd1720c1826f9dec678491d56"},
    {file = "mojimoji-0.0.11.tar.gz", hash = "sha256:adef094e1bfd961e40c1fbd2d4664da1be2426d5b31884e27394226af15d50b5"},
]
multidict = [
    {file = "multidict-4.7.6-cp35-cp35m-macosx_10_14_x86_64.whl", hash = "sha256:275ca32383bc5d1894b6975bb4ca6a7ff16ab76fa622967625baeebcf8079000"},
    {file = "multidict-4.7.6-cp35-cp35m-manylinux1_x86_64.whl", hash = "sha256:1ece5a3369835c20ed57adadc663400b5525904e53bae59ec854a5d36b39b21a"},
    {file = "multidict-4.7.6-cp35-cp35m-win32.whl", hash = "sha256:5141c13374e6b25fe6bf092052ab55c0c03d21bd66c94a0e3ae371d3e4d865a5"},
    {file = "multidict-4.7.6-cp35-cp35m-win_amd64.whl", hash = "sha256:9456e90649005ad40558f4cf51dbb842e32807df75146c6d940b6f5abb4a78f3"},
    {file = "multidict-4.7.6-cp36-cp36m-macosx_10_14_x86_64.whl", hash = "sha256:e0d072ae0f2a179c375f67e3da300b47e1a83293c554450b29c900e50afaae87"},
    {file = "multidict-4.7.6-cp36-cp36m-manylinux1_x86_64.whl", hash = "sha256:3750f2205b800aac4bb03b5ae48025a64e474d2c6cc79547988ba1d4122a09e2"},
    {file = "multidict-4.7.6-cp36-cp36m-win32.whl", hash = "sha256:f07acae137b71af3bb548bd8da720956a3bc9f9a0b87733e0899226a2317aeb7"},
    {file = "multidict-4.7.6-cp36-cp36m-win_amd64.whl", hash = "sha256:6513728873f4326999429a8b00fc7ceddb2509b01d5fd3f3be7881a257b8d463"},
    {file = "multidict-4.7.6-cp37-cp37m-macosx_10_14_x86_64.whl", hash = "sha256:feed85993dbdb1dbc29102f50bca65bdc68f2c0c8d352468c25b54874f23c39d"},
    {file = "multidict-4.7.6-cp37-cp37m-manylinux1_x86_64.whl", hash = "sha256:fcfbb44c59af3f8ea984de67ec7c306f618a3ec771c2843804069917a8f2e255"},
    {file = "multidict-4.7.6-cp37-cp37m-win32.whl", hash = "sha256:4538273208e7294b2659b1602490f4ed3ab1c8cf9dbdd817e0e9db8e64be2507"},
    {file = "multidict-4.7.6-cp37-cp37m-win_amd64.whl", hash = "sha256:d14842362ed4cf63751648e7672f7174c9818459d169231d03c56e84daf90b7c"},
    {file = "multidict-4.7.6-cp38-cp38-macosx_10_14_x86_64.whl", hash = "sha256:c026fe9a05130e44157b98fea3ab12969e5b60691a276150db9eda71710cd10b"},
    {file = "multidict-4.7.6-cp38-cp38-manylinux1_x86_64.whl", hash = "sha256:51a4d210404ac61d32dada00a50ea7ba412e6ea945bbe992e4d7a595276d2ec7"},
    {file = "multidict-4.7.6-cp38-cp38-win32.whl", hash = "sha256:5cf311a0f5ef80fe73e4f4c0f0998ec08f954a6ec72b746f3c179e37de1d210d"},
    {file = "multidict-4.7.6-cp38-cp38-win_amd64.whl", hash = "sha256:7388d2ef3c55a8ba80da62ecfafa06a1c097c18032a501ffd4cabbc52d7f2b19"},
    {file = "multidict-4.7.6.tar.gz", hash = "sha256:fbb77a75e529021e7c4a8d4e823d88ef4d23674a202be4f5addffc72cbb91430"},
]
pylint = [
    {file = "pylint-2.6.0-py3-none-any.whl", hash = "sha256:bfe68f020f8a0fece830a22dd4d5dddb4ecc6137db04face4c3420a46a52239f"},
    {file = "pylint-2.6.0.tar.gz", hash = "sha256:bb4a908c9dadbc3aac18860550e870f58e1a02c9f2c204fdf5693d73be061210"},
]
python-dateutil = [
    {file = "python-dateutil-2.8.1.tar.gz", hash = "sha256:73ebfe9dbf22e832286dafa60473e4cd239f8592f699aa5adaf10050e6e1823c"},
    {file = "python_dateutil-2.8.1-py2.py3-none-any.whl", hash = "sha256:75bb3f31ea686f1197762692a9ee6a7550b59fc6ca3a1f4b5d7e32fb98e2da2a"},
]
python-dotenv = [
    {file = "python-dotenv-0.14.0.tar.gz", hash = "sha256:8c10c99a1b25d9a68058a1ad6f90381a62ba68230ca93966882a4dbc3bc9c33d"},
    {file = "python_dotenv-0.14.0-py2.py3-none-any.whl", hash = "sha256:c10863aee750ad720f4f43436565e4c1698798d763b63234fb5021b6c616e423"},
]
pytz = [
    {file = "pytz-2020.1-py2.py3-none-any.whl", hash = "sha256:a494d53b6d39c3c6e44c3bec237336e14305e4f29bbf800b599253057fbb79ed"},
    {file = "pytz-2020.1.tar.gz", hash = "sha256:c35965d010ce31b23eeb663ed3cc8c906275d6be1a34393a1d73a41febf4a048"},
]
six = [
    {file = "six-1.15.0-py2.py3-none-any.whl", hash = "sha256:8b74bedcbbbaca38ff6d7491d76f2b06b3592611af620f8426e82dddb04a5ced"},
    {file = "six-1.15.0.tar.gz", hash = "sha256:30639c035cdb23534cd4aa2dd52c3bf48f06e5f4a941509c8bafd8ce11080259"},
]
toml = [
    {file = "toml-0.10.1-py2.py3-none-any.whl", hash = "sha256:bda89d5935c2eac546d648028b9901107a595863cb36bae0c73ac804a9b4ce88"},
    {file = "toml-0.10.1.tar.gz", hash = "sha256:926b612be1e5ce0634a2ca03470f95169cf16f939018233a670519cb4ac58b0f"},
]
typed-ast = [
    {file = "typed_ast-1.4.1-cp35-cp35m-manylinux1_i686.whl", hash = "sha256:73d785a950fc82dd2a25897d525d003f6378d1cb23ab305578394694202a58c3"},
    {file = "typed_ast-1.4.1-cp35-cp35m-manylinux1_x86_64.whl", hash = "sha256:aaee9905aee35ba5905cfb3c62f3e83b3bec7b39413f0a7f19be4e547ea01ebb"},
    {file = "typed_ast-1.4.1-cp35-cp35m-win32.whl", hash = "sha256:0c2c07682d61a629b68433afb159376e24e5b2fd4641d35424e462169c0a7919"},
    {file = "typed_ast-1.4.1-cp35-cp35m-win_amd64.whl", hash = "sha256:4083861b0aa07990b619bd7ddc365eb7fa4b817e99cf5f8d9cf21a42780f6e01"},
    {file = "typed_ast-1.4.1-cp36-cp36m-macosx_10_9_x86_64.whl", hash = "sha256:269151951236b0f9a6f04015a9004084a5ab0d5f19b57de779f908621e7d8b75"},
    {file = "typed_ast-1.4.1-cp36-cp36m-manylinux1_i686.whl", hash = "sha256:24995c843eb0ad11a4527b026b4dde3da70e1f2d8806c99b7b4a7cf491612652"},
    {file = "typed_ast-1.4.1-cp36-cp36m-manylinux1_x86_64.whl", hash = "sha256:fe460b922ec15dd205595c9b5b99e2f056fd98ae8f9f56b888e7a17dc2b757e7"},
    {file = "typed_ast-1.4.1-cp36-cp36m-manylinux2014_aarch64.whl", hash = "sha256:fcf135e17cc74dbfbc05894ebca928ffeb23d9790b3167a674921db19082401f"},
    {file = "typed_ast-1.4.1-cp36-cp36m-win32.whl", hash = "sha256:4e3e5da80ccbebfff202a67bf900d081906c358ccc3d5e3c8aea42fdfdfd51c1"},
    {file = "typed_ast-1.4.1-cp36-cp36m-win_amd64.whl", hash = "sha256:249862707802d40f7f29f6e1aad8d84b5aa9e44552d2cc17384b209f091276aa"},
    {file = "typed_ast-1.4.1-cp37-cp37m-macosx_10_9_x86_64.whl", hash = "sha256:8ce678dbaf790dbdb3eba24056d5364fb45944f33553dd5869b7580cdbb83614"},
    {file = "typed_ast-1.4.1-cp37-cp37m-manylinux1_i686.whl", hash = "sha256:c9e348e02e4d2b4a8b2eedb48210430658df6951fa484e59de33ff773fbd4b41"},
    {file = "typed_ast-1.4.1-cp37-cp37m-manylinux1_x86_64.whl", hash = "sha256:bcd3b13b56ea479b3650b82cabd6b5343a625b0ced5429e4ccad28a8973f301b"},
    {file = "typed_ast-1.4.1-cp37-cp37m-manylinux2014_aarch64.whl", hash = "sha256:f208eb7aff048f6bea9586e61af041ddf7f9ade7caed625742af423f6bae3298"},
    {file = "typed_ast-1.4.1-cp37-cp37m-win32.whl", hash = "sha256:d5d33e9e7af3b34a40dc05f498939f0ebf187f07c385fd58d591c533ad8562fe"},
    {file = "typed_ast-1.4.1-cp37-cp37m-win_amd64.whl", hash = "sha256:0666aa36131496aed8f7be0410ff974562ab7eeac11ef351def9ea6fa28f6355"},
    {file = "typed_ast-1.4.1-cp38-cp38-macosx_10_15_x86_64.whl", hash = "sha256:d205b1b46085271b4e15f670058ce182bd1199e56b317bf2ec004b6a44f911f6"},
    {file = "typed_ast-1.4.1-cp38-cp38-manylinux1_i686.whl", hash = "sha256:6daac9731f172c2a22ade6ed0c00197ee7cc1221aa84cfdf9c31defeb059a907"},
    {file = "typed_ast-1.4.1-cp38-cp38-manylinux1_x86_64.whl", hash = "sha256:498b0f36cc7054c1fead3d7fc59d2150f4d5c6c56ba7fb150c013fbc683a8d2d"},
    {file = "typed_ast-1.4.1-cp38-cp38-manylinux2014_aarch64.whl", hash = "sha256:7e4c9d7658aaa1fc80018593abdf8598bf91325af6af5cce4ce7c73bc45ea53d"},
    {file = "typed_ast-1.4.1-cp38-cp38-win32.whl", hash = "sha256:715ff2f2df46121071622063fc7543d9b1fd19ebfc4f5c8895af64a77a8c852c"},
    {file = "typed_ast-1.4.1-cp38-cp38-win_amd64.whl", hash = "sha256:fc0fea399acb12edbf8a628ba8d2312f583bdbdb3335635db062fa98cf71fca4"},
    {file = "typed_ast-1.4.1-cp39-cp39-macosx_10_15_x86_64.whl", hash = "sha256:d43943ef777f9a1c42bf4e552ba23ac77a6351de620aa9acf64ad54933ad4d34"},
    {file = "typed_ast-1.4.1-cp39-cp39-macosx_10_9_x86_64.whl", hash = "sha256:92c325624e304ebf0e025d1224b77dd4e6393f18aab8d829b5b7e04afe9b7a2c"},
    {file = "typed_ast-1.4.1-cp39-cp39-manylinux1_i686.whl", hash = "sha256:d648b8e3bf2fe648745c8ffcee3db3ff903d0817a01a12dd6a6ea7a8f4889072"},
    {file = "typed_ast-1.4.1-cp39-cp39-manylinux1_x86_64.whl", hash = "sha256:fac11badff8313e23717f3dada86a15389d0708275bddf766cca67a84ead3e91"},
    {file = "typed_ast-1.4.1-cp39-cp39-manylinux2014_aarch64.whl", hash = "sha256:0d8110d78a5736e16e26213114a38ca35cb15b6515d535413b090bd50951556d"},
    {file = "typed_ast-1.4.1-cp39-cp39-win32.whl", hash = "sha256:b52ccf7cfe4ce2a1064b18594381bccf4179c2ecf7f513134ec2f993dd4ab395"},
    {file = "typed_ast-1.4.1-cp39-cp39-win_amd64.whl", hash = "sha256:3742b32cf1c6ef124d57f95be609c473d7ec4c14d0090e5a5e05a15269fb4d0c"},
    {file = "typed_ast-1.4.1.tar.gz", hash = "sha256:8c8aaad94455178e3187ab22c8b01a3837f8ee50e09cf31f1ba129eb293ec30b"},
]
typing-extensions = [
    {file = "typing_extensions-3.7.4.3-py2-none-any.whl", hash = "sha256:dafc7639cde7f1b6e1acc0f457842a83e722ccca8eef5270af2d74792619a89f"},
    {file = "typing_extensions-3.7.4.3-py3-none-any.whl", hash = "sha256:7cb407020f00f7bfc3cb3e7881628838e69d8f3fcab2f64742a5e76b2f841918"},
    {file = "typing_extensions-3.7.4.3.tar.gz", hash = "sha256:99d4073b617d30288f569d3f13d2bd7548c3a7e4c8de87db09a9d29bb3a4a60c"},
]
websockets = [
    {file = "websockets-6.0-cp34-cp34m-macosx_10_6_intel.whl", hash = "sha256:e02e57346f6a68523e3c43bbdf35dde5c440318d1f827208ae455f6a2ace446d"},
    {file = "websockets-6.0-cp34-cp34m-manylinux1_i686.whl", hash = "sha256:cb998bd4d93af46b8b49ecf5a72c0a98e5cc6d57fdca6527ba78ad89d6606484"},
    {file = "websockets-6.0-cp34-cp34m-manylinux1_x86_64.whl", hash = "sha256:99ac266af38ba1b1fe13975aea01ac0e14bb5f3a3200d2c69f05385768b8568e"},
    {file = "websockets-6.0-cp34-cp34m-win32.whl", hash = "sha256:f1414e6cbcea8d22843e7eafdfdfae3dd1aba41d1945f6ca66e4806c07c4f454"},
    {file = "websockets-6.0-cp34-cp34m-win_amd64.whl", hash = "sha256:9fa122e7adb24232247f8a89f2d9070bf64b7869daf93ac5e19546b409e47e96"},
    {file = "websockets-6.0-cp35-cp35m-macosx_10_6_intel.whl", hash = "sha256:5c1f55a1274df9d6a37553fef8cff2958515438c58920897675c9bc70f5a0538"},
    {file = "websockets-6.0-cp35-cp35m-manylinux1_i686.whl", hash = "sha256:6b2e03d69afa8d20253455e67b64de1a82ff8612db105113cccec35d3f8429f0"},
    {file = "websockets-6.0-cp35-cp35m-manylinux1_x86_64.whl", hash = "sha256:5a1fa6072405648cb5b3688e9ed3b94be683ce4a4e5723e6f5d34859dee495c1"},
    {file = "websockets-6.0-cp35-cp35m-win32.whl", hash = "sha256:79ca7cdda7ad4e3663ea3c43bfa8637fc5d5604c7737f19a8964781abbd1148d"},
    {file = "websockets-6.0-cp35-cp35m-win_amd64.whl", hash = "sha256:2a16dac282b2fdae75178d0ed3d5b9bc3258dabfae50196cbb30578d84b6f6a6"},
    {file = "websockets-6.0-cp36-cp36m-macosx_10_6_intel.whl", hash = "sha256:952be9540d83dba815569d5cb5f31708801e0bbfc3a8c5aef1890b57ed7e58bf"},
    {file = "websockets-6.0-cp36-cp36m-manylinux1_i686.whl", hash = "sha256:82c0354ac39379d836719a77ee360ef865377aa6fdead87909d50248d0f05f4d"},
    {file = "websockets-6.0-cp36-cp36m-manylinux1_x86_64.whl", hash = "sha256:91ec98640220ae05b34b79ee88abf27f97ef7c61cf525eec57ea8fcea9f7dddb"},
    {file = "websockets-6.0-cp36-cp36m-win32.whl", hash = "sha256:7fd2dd9a856f72e6ed06f82facfce01d119b88457cd4b47b7ae501e8e11eba9c"},
    {file = "websockets-6.0-cp36-cp36m-win_amd64.whl", hash = "sha256:ee55eb6bcf23ecc975e6b47c127c201b913598f38b6a300075f84eeef2d3baff"},
    {file = "websockets-6.0-cp37-cp37m-macosx_10_6_intel.whl", hash = "sha256:695e34c4dbea18d09ab2c258994a8bf6a09564e762655408241f6a14592d2908"},
    {file = "websockets-6.0-cp37-cp37m-manylinux1_i686.whl", hash = "sha256:e79a5a896bcee7fff24a788d72e5c69f13e61369d055f28113e71945a7eb1559"},
    {file = "websockets-6.0-cp37-cp37m-manylinux1_x86_64.whl", hash = "sha256:669d1e46f165e0ad152ed8197f7edead22854a6c90419f544e0f234cc9dac6c4"},
    {file = "websockets-6.0-cp37-cp37m-win32.whl", hash = "sha256:0e2f7d6567838369af074f0ef4d0b802d19fa1fee135d864acc656ceefa33136"},
    {file = "websockets-6.0-cp37-cp37m-win_amd64.whl", hash = "sha256:a0873eadc4b8ca93e2e848d490809e0123eea154aa44ecd0109c4d0171869584"},
    {file = "websockets-6.0.tar.gz", hash = "sha256:8f3b956d11c5b301206382726210dc1d3bee1a9ccf7aadf895aaf31f71c3716c"},
]
werkzeug = [
    {file = "Werkzeug-1.0.1-py2.py3-none-any.whl", hash = "sha256:2de2a5db0baeae7b2d2664949077c2ac63fbd16d98da0ff71837f7d1dea3fd43"},
    {file = "Werkzeug-1.0.1.tar.gz", hash = "sha256:6c80b1e5ad3665290ea39320b91e1be1e0d5f60652b964a3070216de83d2e47c"},
]
wrapt = [
    {file = "wrapt-1.12.1.tar.gz", hash = "sha256:b62ffa81fb85f4332a4f609cab4ac40709470da05643a082ec1eb88e6d9b97d7"},
]
yarl = [
    {file = "yarl-1.5.1-cp35-cp35m-macosx_10_14_x86_64.whl", hash = "sha256:db6db0f45d2c63ddb1a9d18d1b9b22f308e52c83638c26b422d520a815c4b3fb"},
    {file = "yarl-1.5.1-cp35-cp35m-manylinux1_x86_64.whl", hash = "sha256:17668ec6722b1b7a3a05cc0167659f6c95b436d25a36c2d52db0eca7d3f72593"},
    {file = "yarl-1.5.1-cp35-cp35m-win32.whl", hash = "sha256:040b237f58ff7d800e6e0fd89c8439b841f777dd99b4a9cca04d6935564b9409"},
    {file = "yarl-1.5.1-cp35-cp35m-win_amd64.whl", hash = "sha256:f18d68f2be6bf0e89f1521af2b1bb46e66ab0018faafa81d70f358153170a317"},
    {file = "yarl-1.5.1-cp36-cp36m-macosx_10_14_x86_64.whl", hash = "sha256:c52ce2883dc193824989a9b97a76ca86ecd1fa7955b14f87bf367a61b6232511"},
    {file = "yarl-1.5.1-cp36-cp36m-manylinux1_x86_64.whl", hash = "sha256:ce584af5de8830d8701b8979b18fcf450cef9a382b1a3c8ef189bedc408faf1e"},
    {file = "yarl-1.5.1-cp36-cp36m-win32.whl", hash = "sha256:df89642981b94e7db5596818499c4b2219028f2a528c9c37cc1de45bf2fd3a3f"},
    {file = "yarl-1.5.1-cp36-cp36m-win_amd64.whl", hash = "sha256:3a584b28086bc93c888a6c2aa5c92ed1ae20932f078c46509a66dce9ea5533f2"},
    {file = "yarl-1.5.1-cp37-cp37m-macosx_10_14_x86_64.whl", hash = "sha256:da456eeec17fa8aa4594d9a9f27c0b1060b6a75f2419fe0c00609587b2695f4a"},
    {file = "yarl-1.5.1-cp37-cp37m-manylinux1_x86_64.whl", hash = "sha256:bc2f976c0e918659f723401c4f834deb8a8e7798a71be4382e024bcc3f7e23a8"},
    {file = "yarl-1.5.1-cp37-cp37m-win32.whl", hash = "sha256:4439be27e4eee76c7632c2427ca5e73703151b22cae23e64adb243a9c2f565d8"},
    {file = "yarl-1.5.1-cp37-cp37m-win_amd64.whl", hash = "sha256:48e918b05850fffb070a496d2b5f97fc31d15d94ca33d3d08a4f86e26d4e7c5d"},
    {file = "yarl-1.5.1-cp38-cp38-macosx_10_14_x86_64.whl", hash = "sha256:9b930776c0ae0c691776f4d2891ebc5362af86f152dd0da463a6614074cb1b02"},
    {file = "yarl-1.5.1-cp38-cp38-manylinux1_x86_64.whl", hash = "sha256:b3b9ad80f8b68519cc3372a6ca85ae02cc5a8807723ac366b53c0f089db19e4a"},
    {file = "yarl-1.5.1-cp38-cp38-win32.whl", hash = "sha256:f379b7f83f23fe12823085cd6b906edc49df969eb99757f58ff382349a3303c6"},
    {file = "yarl-1.5.1-cp38-cp38-win_amd64.whl", hash = "sha256:9102b59e8337f9874638fcfc9ac3734a0cfadb100e47d55c20d0dc6087fb4692"},
    {file = "yarl-1.5.1.tar.gz", hash = "sha256:c22c75b5f394f3d47105045ea551e08a3e804dc7e01b37800ca35b58f856c3d6"},
]
"zope.interface" = [
    {file = "zope.interface-5.2.0-cp27-cp27m-macosx_10_9_x86_64.whl", hash = "sha256:518950fe6a5d56f94ba125107895f938a4f34f704c658986eae8255edb41163b"},
    {file = "zope.interface-5.2.0-cp27-cp27m-manylinux1_i686.whl", hash = "sha256:6278c080d4afffc9016e14325f8734456831124e8c12caa754fd544435c08386"},
    {file = "zope.interface-5.2.0-cp27-cp27m-manylinux1_x86_64.whl", hash = "sha256:538298e4e113ccb8b41658d5a4b605bebe75e46a30ceca22a5a289cf02c80bec"},
    {file = "zope.interface-5.2.0-cp27-cp27m-manylinux2010_i686.whl", hash = "sha256:778d0ec38bbd288b150a3ae363c8ffd88d2207a756842495e9bffd8a8afbc89a"},
    {file = "zope.interface-5.2.0-cp27-cp27m-manylinux2010_x86_64.whl", hash = "sha256:64ea6c221aeee4796860405e1aedec63424cda4202a7ad27a5066876db5b0fd2"},
    {file = "zope.interface-5.2.0-cp27-cp27m-win32.whl", hash = "sha256:92dc0fb79675882d0b6138be4bf0cec7ea7c7eede60aaca78303d8e8dbdaa523"},
    {file = "zope.interface-5.2.0-cp27-cp27m-win_amd64.whl", hash = "sha256:844fad925ac5c2ad4faaceb3b2520ad016b5280105c6e16e79838cf951903a7b"},
    {file = "zope.interface-5.2.0-cp27-cp27mu-manylinux1_i686.whl", hash = "sha256:588384d70a0f19b47409cfdb10e0c27c20e4293b74fc891df3d8eb47782b8b3e"},
    {file = "zope.interface-5.2.0-cp27-cp27mu-manylinux1_x86_64.whl", hash = "sha256:07d61722dd7d85547b7c6b0f5486b4338001fab349f2ac5cabc0b7182eb3425d"},
    {file = "zope.interface-5.2.0-cp27-cp27mu-manylinux2010_i686.whl", hash = "sha256:495b63fd0302f282ee6c1e6ea0f1c12cb3d1a49c8292d27287f01845ff252a96"},
    {file = "zope.interface-5.2.0-cp27-cp27mu-manylinux2010_x86_64.whl", hash = "sha256:299bde0ab9e5c4a92f01a152b7fbabb460f31343f1416f9b7b983167ab1e33bc"},
    {file = "zope.interface-5.2.0-cp35-cp35m-macosx_10_6_intel.whl", hash = "sha256:32546af61a9a9b141ca38d971aa6eb9800450fa6620ce6323cc30eec447861f3"},
    {file = "zope.interface-5.2.0-cp35-cp35m-manylinux1_i686.whl", hash = "sha256:2ab88d8f228f803fcb8cb7d222c579d13dab2d3622c51e8cf321280da01102a7"},
    {file = "zope.interface-5.2.0-cp35-cp35m-manylinux1_x86_64.whl", hash = "sha256:cbd0f2cbd8689861209cd89141371d3a22a11613304d1f0736492590aa0ab332"},
    {file = "zope.interface-5.2.0-cp35-cp35m-manylinux2010_i686.whl", hash = "sha256:21e49123f375703cf824214939d39df0af62c47d122d955b2a8d9153ea08cfd5"},
    {file = "zope.interface-5.2.0-cp35-cp35m-manylinux2010_x86_64.whl", hash = "sha256:eccac3d9aadc68e994b6d228cb0c8919fc47a5350d85a1b4d3d81d1e98baf40c"},
    {file = "zope.interface-5.2.0-cp35-cp35m-manylinux2014_aarch64.whl", hash = "sha256:42b278ac0989d6f5cf58d7e0828ea6b5951464e3cf2ff229dd09a96cb6ba0c86"},
    {file = "zope.interface-5.2.0-cp35-cp35m-win32.whl", hash = "sha256:83b4aa5344cce005a9cff5d0321b2e318e871cc1dfc793b66c32dd4f59e9770d"},
    {file = "zope.interface-5.2.0-cp35-cp35m-win_amd64.whl", hash = "sha256:4df9afd17bd5477e9f8c8b6bb8507e18dd0f8b4efe73bb99729ff203279e9e3b"},
    {file = "zope.interface-5.2.0-cp36-cp36m-macosx_10_6_intel.whl", hash = "sha256:1743bcfe45af8846b775086471c28258f4c6e9ee8ef37484de4495f15a98b549"},
    {file = "zope.interface-5.2.0-cp36-cp36m-manylinux1_i686.whl", hash = "sha256:aedc6c672b351afe6dfe17ff83ee5e7eb6ed44718f879a9328a68bdb20b57e11"},
    {file = "zope.interface-5.2.0-cp36-cp36m-manylinux1_x86_64.whl", hash = "sha256:4af87cdc0d4b14e600e6d3d09793dce3b7171348a094ba818e2a68ae7ee67546"},
    {file = "zope.interface-5.2.0-cp36-cp36m-manylinux2010_i686.whl", hash = "sha256:b7a00ecb1434f8183395fac5366a21ee73d14900082ca37cf74993cf46baa56c"},
    {file = "zope.interface-5.2.0-cp36-cp36m-manylinux2010_x86_64.whl", hash = "sha256:8ceb3667dd13b8133f2e4d637b5b00f240f066448e2aa89a41f4c2d78a26ce50"},
    {file = "zope.interface-5.2.0-cp36-cp36m-manylinux2014_aarch64.whl", hash = "sha256:efef581c8ba4d990770875e1a2218e856849d32ada2680e53aebc5d154a17e20"},
    {file = "zope.interface-5.2.0-cp36-cp36m-win32.whl", hash = "sha256:e4bc372b953bf6cec65a8d48482ba574f6e051621d157cf224227dbb55486b1e"},
    {file = "zope.interface-5.2.0-cp36-cp36m-win_amd64.whl", hash = "sha256:3cc94c69f6bd48ed86e8e24f358cb75095c8129827df1298518ab860115269a4"},
    {file = "zope.interface-5.2.0-cp37-cp37m-macosx_10_9_x86_64.whl", hash = "sha256:ba32f4a91c1cb7314c429b03afbf87b1fff4fb1c8db32260e7310104bd77f0c7"},
    {file = "zope.interface-5.2.0-cp37-cp37m-manylinux1_i686.whl", hash = "sha256:1b5f6c8fff4ed32aa2dd43e84061bc8346f32d3ba6ad6e58f088fe109608f102"},
    {file = "zope.interface-5.2.0-cp37-cp37m-manylinux1_x86_64.whl", hash = "sha256:efd550b3da28195746bb43bd1d815058181a7ca6d9d6aa89dd37f5eefe2cacb7"},
    {file = "zope.interface-5.2.0-cp37-cp37m-manylinux2010_i686.whl", hash = "sha256:aab9f1e34d810feb00bf841993552b8fcc6ae71d473c505381627143d0018a6a"},
    {file = "zope.interface-5.2.0-cp37-cp37m-manylinux2010_x86_64.whl", hash = "sha256:55465121e72e208a7b69b53de791402affe6165083b2ea71b892728bd19ba9ae"},
    {file = "zope.interface-5.2.0-cp37-cp37m-manylinux2014_aarch64.whl", hash = "sha256:32b40a4c46d199827d79c86bb8cb88b1bbb764f127876f2cb6f3a47f63dbada3"},
    {file = "zope.interface-5.2.0-cp37-cp37m-win32.whl", hash = "sha256:abb61afd84f23099ac6099d804cdba9bd3b902aaaded3ffff47e490b0a495520"},
    {file = "zope.interface-5.2.0-cp37-cp37m-win_amd64.whl", hash = "sha256:21f579134a47083ffb5ddd1307f0405c91aa8b61ad4be6fd5af0171474fe0c45"},
    {file = "zope.interface-5.2.0-cp38-cp38-macosx_10_9_x86_64.whl", hash = "sha256:4c48ddb63e2b20fba4c6a2bf81b4d49e99b6d4587fb67a6cd33a2c1f003af3e3"},
    {file = "zope.interface-5.2.0-cp38-cp38-manylinux1_i686.whl", hash = "sha256:2dcab01c660983ba5e5a612e0c935141ccbee67d2e2e14b833e01c2354bd8034"},
    {file = "zope.interface-5.2.0-cp38-cp38-manylinux1_x86_64.whl", hash = "sha256:150e8bcb7253a34a4535aeea3de36c0bb3b1a6a47a183a95d65a194b3e07f232"},
    {file = "zope.interface-5.2.0-cp38-cp38-manylinux2010_i686.whl", hash = "sha256:681dbb33e2b40262b33fd383bae63c36d33fd79fa1a8e4092945430744ffd34a"},
    {file = "zope.interface-5.2.0-cp38-cp38-manylinux2010_x86_64.whl", hash = "sha256:2ced4c35061eea623bc84c7711eedce8ecc3c2c51cd9c6afa6290df3bae9e104"},
    {file = "zope.interface-5.2.0-cp38-cp38-manylinux2014_aarch64.whl", hash = "sha256:f37d45fab14ffef9d33a0dc3bc59ce0c5313e2253323312d47739192da94f5fd"},
    {file = "zope.interface-5.2.0-cp38-cp38-win32.whl", hash = "sha256:9789bd945e9f5bd026ed3f5b453d640befb8b1fc33a779c1fe8d3eb21fe3fb4a"},
    {file = "zope.interface-5.2.0-cp38-cp38-win_amd64.whl", hash = "sha256:0a990dcc97806e5980bbb54b2e46b9cde9e48932d8e6984daf71ef1745516123"},
    {file = "zope.interface-5.2.0-cp39-cp39-macosx_10_9_x86_64.whl", hash = "sha256:4b94df9f2fdde7b9314321bab8448e6ad5a23b80542dcab53e329527d4099dcb"},
    {file = "zope.interface-5.2.0-cp39-cp39-manylinux1_i686.whl", hash = "sha256:6936aa9da390402d646a32a6a38d5409c2d2afb2950f045a7d02ab25a4e7d08d"},
    {file = "zope.interface-5.2.0-cp39-cp39-manylinux1_x86_64.whl", hash = "sha256:adf9ee115ae8ff8b6da4b854b4152f253b390ba64407a22d75456fe07dcbda65"},
    {file = "zope.interface-5.2.0-cp39-cp39-manylinux2010_i686.whl", hash = "sha256:f44906f70205d456d503105023041f1e63aece7623b31c390a0103db4de17537"},
    {file = "zope.interface-5.2.0-cp39-cp39-manylinux2010_x86_64.whl", hash = "sha256:f057897711a630a0b7a6a03f1acf379b6ba25d37dc5dc217a97191984ba7f2fc"},
    {file = "zope.interface-5.2.0-cp39-cp39-manylinux2014_aarch64.whl", hash = "sha256:05a97ba92c1c7c26f25c9f671aa1ef85ffead6cdad13770e5b689cf983adc7e1"},
    {file = "zope.interface-5.2.0-cp39-cp39-win32.whl", hash = "sha256:27c267dc38a0f0079e96a2945ee65786d38ef111e413c702fbaaacbab6361d00"},
    {file = "zope.interface-5.2.0-cp39-cp39-win_amd64.whl", hash = "sha256:a2b6d6eb693bc2fc6c484f2e5d93bd0b0da803fa77bf974f160533e555e4d095"},
    {file = "zope.interface-5.2.0.tar.gz", hash = "sha256:8251f06a77985a2729a8bdbefbae79ee78567dddc3acbd499b87e705ca59fe24"},
]
